
Microsoft Visual Studio Solution File, Format Version 12.00
# Visual Studio Version 17
VisualStudioVersion = 17.0.31815.197
MinimumVisualStudioVersion = 10.0.40219.1
Project("{9A19103F-16F7-4668-BE54-9A1E7A4F7556}") = "Speed up win 10", "Speed up win 10.csproj", "{B0AD8987-85DF-49BB-8B47-9FE103A9FE4C}"
EndProject
Global
	GlobalSection(SolutionConfigurationPlatforms) = preSolution
		Debug|Any CPU = Debug|Any CPU
		Release|Any CPU = Release|Any CPU
	EndGlobalSection
	GlobalSection(ProjectConfigurationPlatforms) = postSolution
		{B0AD8987-85DF-49BB-8B47-9FE103A9FE4C}.Debug|Any CPU.ActiveCfg = Debug|Any CPU
		{B0AD8987-85DF-49BB-8B47-9FE103A9FE4C}.Debug|Any CPU.Build.0 = Debug|Any CPU
		{B0AD8987-85DF-49BB-8B47-9FE103A9FE4C}.Release|Any CPU.ActiveCfg = Release|Any CPU
		{B0AD8987-85DF-49BB-8B47-9FE103A9FE4C}.Release|Any CPU.Build.0 = Release|Any CPU
	EndGlobalSection
	GlobalSection(SolutionProperties) = preSolution
		HideSolutionNode = FALSE
	EndGlobalSection
	GlobalSection(ExtensibilityGlobals) = postSolution
		SolutionGuid = {AB031B21-8385-428C-AE4F-C6B0C0FE914F}
	EndGlobalSection
EndGlobal
